// !$*UTF8*$!
{
	archiveVersion = 1;
	classes = {
	};
	objectVersion = 48;
	objects = {

/* Begin PBXBuildFile section */
		CC4863AE1F81444B0030D771 /* AppDelegate.swift in Sources */ = {isa = PBXBuildFile; fileRef = CC4863AD1F81444B0030D771 /* AppDelegate.swift */; };
		CC4863B01F81444B0030D771 /* FirstViewController.swift in Sources */ = {isa = PBXBuildFile; fileRef = CC4863AF1F81444B0030D771 /* FirstViewController.swift */; };
		CC4863B21F81444B0030D771 /* SecondViewController.swift in Sources */ = {isa = PBXBuildFile; fileRef = CC4863B11F81444B0030D771 /* SecondViewController.swift */; };
		CC4863B51F81444B0030D771 /* Main.storyboard in Resources */ = {isa = PBXBuildFile; fileRef = CC4863B31F81444B0030D771 /* Main.storyboard */; };
		CC4863B71F81444B0030D771 /* Assets.xcassets in Resources */ = {isa = PBXBuildFile; fileRef = CC4863B61F81444B0030D771 /* Assets.xcassets */; };
		CC4863BA1F81444B0030D771 /* LaunchScreen.storyboard in Resources */ = {isa = PBXBuildFile; fileRef = CC4863B81F81444B0030D771 /* LaunchScreen.storyboard */; };
		CC4863C21F81450D0030D771 /* DependentViewController.swift in Sources */ = {isa = PBXBuildFile; fileRef = CC4863C11F81450D0030D771 /* DependentViewController.swift */; };
		CC4863C41F8145190030D771 /* DateViewController.swift in Sources */ = {isa = PBXBuildFile; fileRef = CC4863C31F8145190030D771 /* DateViewController.swift */; };
		CC4863C61F8145280030D771 /* CustomViewController.swift in Sources */ = {isa = PBXBuildFile; fileRef = CC4863C51F8145280030D771 /* CustomViewController.swift */; };
		CC4863CD1F8159260030D771 /* Crew.swift in Sources */ = {isa = PBXBuildFile; fileRef = CC4863CC1F8159260030D771 /* Crew.swift */; };
		CC4863D11F8287FA0030D771 /* win.wav in Resources */ = {isa = PBXBuildFile; fileRef = CC4863CF1F8287F50030D771 /* win.wav */; };
		CC4863D21F8287FE0030D771 /* process.wav in Resources */ = {isa = PBXBuildFile; fileRef = CC4863D01F8287F50030D771 /* process.wav */; };
/* End PBXBuildFile section */

/* Begin PBXFileReference section */
		CC4863AA1F81444B0030D771 /* FoodPickers.app */ = {isa = PBXFileReference; explicitFileType = wrapper.application; includeInIndex = 0; path = FoodPickers.app; sourceTree = BUILT_PRODUCTS_DIR; };
		CC4863AD1F81444B0030D771 /* AppDelegate.swift */ = {isa = PBXFileReference; lastKnownFileType = sourcecode.swift; path = AppDelegate.swift; sourceTree = "<group>"; };
		CC4863AF1F81444B0030D771 /* FirstViewController.swift */ = {isa = PBXFileReference; lastKnownFileType = sourcecode.swift; path = FirstViewController.swift; sourceTree = "<group>"; };
		CC4863B11F81444B0030D771 /* SecondViewController.swift */ = {isa = PBXFileReference; lastKnownFileType = sourcecode.swift; path = SecondViewController.swift; sourceTree = "<group>"; };
		CC4863B41F81444B0030D771 /* Base */ = {isa = PBXFileReference; lastKnownFileType = file.storyboard; name = Base; path = Base.lproj/Main.storyboard; sourceTree = "<group>"; };
		CC4863B61F81444B0030D771 /* Assets.xcassets */ = {isa = PBXFileReference; lastKnownFileType = folder.assetcatalog; path = Assets.xcassets; sourceTree = "<group>"; };
		CC4863B91F81444B0030D771 /* Base */ = {isa = PBXFileReference; lastKnownFileType = file.storyboard; name = Base; path = Base.lproj/LaunchScreen.storyboard; sourceTree = "<group>"; };
		CC4863BB1F81444B0030D771 /* Info.plist */ = {isa = PBXFileReference; lastKnownFileType = text.plist.xml; path = Info.plist; sourceTree = "<group>"; };
		CC4863C11F81450D0030D771 /* DependentViewController.swift */ = {isa = PBXFileReference; lastKnownFileType = sourcecode.swift; path = DependentViewController.swift; sourceTree = "<group>"; };
		CC4863C31F8145190030D771 /* DateViewController.swift */ = {isa = PBXFileReference; lastKnownFileType = sourcecode.swift; path = DateViewController.swift; sourceTree = "<group>"; };
		CC4863C51F8145280030D771 /* CustomViewController.swift */ = {isa = PBXFileReference; lastKnownFileType = sourcecode.swift; path = CustomViewController.swift; sourceTree = "<group>"; };
		CC4863CC1F8159260030D771 /* Crew.swift */ = {isa = PBXFileReference; lastKnownFileType = sourcecode.swift; path = Crew.swift; sourceTree = "<group>"; };
		CC4863CF1F8287F50030D771 /* win.wav */ = {isa = PBXFileReference; lastKnownFileType = audio.wav; path = win.wav; sourceTree = "<group>"; };
		CC4863D01F8287F50030D771 /* process.wav */ = {isa = PBXFileReference; lastKnownFileType = audio.wav; path = process.wav; sourceTree = "<group>"; };
/* End PBXFileReference section */

/* Begin PBXFrameworksBuildPhase section */
		CC4863A71F81444B0030D771 /* Frameworks */ = {
			isa = PBXFrameworksBuildPhase;
			buildActionMask = 2147483647;
			files = (
			);
			runOnlyForDeploymentPostprocessing = 0;
		};
/* End PBXFrameworksBuildPhase section */

/* Begin PBXGroup section */
		CC4863A11F81444B0030D771 = {
			isa = PBXGroup;
			children = (
				CC4863AC1F81444B0030D771 /* FoodPickers */,
				CC4863AB1F81444B0030D771 /* Products */,
			);
			sourceTree = "<group>";
		};
		CC4863AB1F81444B0030D771 /* Products */ = {
			isa = PBXGroup;
			children = (
				CC4863AA1F81444B0030D771 /* FoodPickers.app */,
			);
			name = Products;
			sourceTree = "<group>";
		};
		CC4863AC1F81444B0030D771 /* FoodPickers */ = {
			isa = PBXGroup;
			children = (
				CC4863CE1F82851A0030D771 /* Sounds */,
				CC4863AD1F81444B0030D771 /* AppDelegate.swift */,
				CC4863AF1F81444B0030D771 /* FirstViewController.swift */,
				CC4863B11F81444B0030D771 /* SecondViewController.swift */,
				CC4863B31F81444B0030D771 /* Main.storyboard */,
				CC4863B61F81444B0030D771 /* Assets.xcassets */,
				CC4863B81F81444B0030D771 /* LaunchScreen.storyboard */,
				CC4863BB1F81444B0030D771 /* Info.plist */,
				CC4863C11F81450D0030D771 /* DependentViewController.swift */,
				CC4863C31F8145190030D771 /* DateViewController.swift */,
				CC4863C51F8145280030D771 /* CustomViewController.swift */,
				CC4863CC1F8159260030D771 /* Crew.swift */,
			);
			path = FoodPickers;
			sourceTree = "<group>";
		};
		CC4863CE1F82851A0030D771 /* Sounds */ = {
			isa = PBXGroup;
			children = (
				CC4863D01F8287F50030D771 /* process.wav */,
				CC4863CF1F8287F50030D771 /* win.wav */,
			);
			path = Sounds;
			sourceTree = "<group>";
		};
/* End PBXGroup section */

/* Begin PBXNativeTarget section */
		CC4863A91F81444B0030D771 /* FoodPickers */ = {
			isa = PBXNativeTarget;
			buildConfigurationList = CC4863BE1F81444B0030D771 /* Build configuration list for PBXNativeTarget "FoodPickers" */;
			buildPhases = (
				CC4863A61F81444B0030D771 /* Sources */,
				CC4863A71F81444B0030D771 /* Frameworks */,
				CC4863A81F81444B0030D771 /* Resources */,
			);
			buildRules = (
			);
			dependencies = (
			);
			name = FoodPickers;
			productName = FoodPickers;
			productReference = CC4863AA1F81444B0030D771 /* FoodPickers.app */;
			productType = "com.apple.product-type.application";
		};
/* End PBXNativeTarget section */

/* Begin PBXProject section */
		CC4863A21F81444B0030D771 /* Project object */ = {
			isa = PBXProject;
			attributes = {
				LastSwiftUpdateCheck = 0900;
				LastUpgradeCheck = 0900;
				ORGANIZATIONNAME = "Gorloff Foundation";
				TargetAttributes = {
					CC4863A91F81444B0030D771 = {
						CreatedOnToolsVersion = 9.0;
						ProvisioningStyle = Automatic;
					};
				};
			};
			buildConfigurationList = CC4863A51F81444B0030D771 /* Build configuration list for PBXProject "FoodPickers" */;
			compatibilityVersion = "Xcode 8.0";
			developmentRegion = en;
			hasScannedForEncodings = 0;
			knownRegions = (
				en,
				Base,
			);
			mainGroup = CC4863A11F81444B0030D771;
			productRefGroup = CC4863AB1F81444B0030D771 /* Products */;
			projectDirPath = "";
			projectRoot = "";
			targets = (
				CC4863A91F81444B0030D771 /* FoodPickers */,
			);
		};
/* End PBXProject section */

/* Begin PBXResourcesBuildPhase section */
		CC4863A81F81444B0030D771 /* Resources */ = {
			isa = PBXResourcesBuildPhase;
			buildActionMask = 2147483647;
			files = (
				CC4863D21F8287FE0030D771 /* process.wav in Resources */,
				CC4863BA1F81444B0030D771 /* LaunchScreen.storyboard in Resources */,
				CC4863D11F8287FA0030D771 /* win.wav in Resources */,
				CC4863B71F81444B0030D771 /* Assets.xcassets in Resources */,
				CC4863B51F81444B0030D771 /* Main.storyboard in Resources */,
			);
			runOnlyForDeploymentPostprocessing = 0;
		};
/* End PBXResourcesBuildPhase section */

/* Begin PBXSourcesBuildPhase section */
		CC4863A61F81444B0030D771 /* Sources */ = {
			isa = PBXSourcesBuildPhase;
			buildActionMask = 2147483647;
			files = (
				CC4863C41F8145190030D771 /* DateViewController.swift in Sources */,
				CC4863B21F81444B0030D771 /* SecondViewController.swift in Sources */,
				CC4863AE1F81444B0030D771 /* AppDelegate.swift in Sources */,
				CC4863CD1F8159260030D771 /* Crew.swift in Sources */,
				CC4863C61F8145280030D771 /* CustomViewController.swift in Sources */,
				CC4863C21F81450D0030D771 /* DependentViewController.swift in Sources */,
				CC4863B01F81444B0030D771 /* FirstViewController.swift in Sources */,
			);
			runOnlyForDeploymentPostprocessing = 0;
		};
/* End PBXSourcesBuildPhase section */

/* Begin PBXVariantGroup section */
		CC4863B31F81444B0030D771 /* Main.storyboard */ = {
			isa = PBXVariantGroup;
			children = (
				CC4863B41F81444B0030D771 /* Base */,
			);
			name = Main.storyboard;
			sourceTree = "<group>";
		};
		CC4863B81F81444B0030D771 /* LaunchScreen.storyboard */ = {
			isa = PBXVariantGroup;
			children = (
				CC4863B91F81444B0030D771 /* Base */,
			);
			name = LaunchScreen.storyboard;
			sourceTree = "<group>";
		};
/* End PBXVariantGroup section */

/* Begin XCBuildConfiguration section */
		CC4863BC1F81444B0030D771 /* Debug */ = {
			isa = XCBuildConfiguration;
			buildSettings = {
				ALWAYS_SEARCH_USER_PATHS = NO;
				CLANG_ANALYZER_NONNULL = YES;
				CLANG_ANALYZER_NUMBER_OBJECT_CONVERSION = YES_AGGRESSIVE;
				CLANG_CXX_LANGUAGE_STANDARD = "gnu++14";
				CLANG_CXX_LIBRARY = "libc++";
				CLANG_ENABLE_MODULES = YES;
				CLANG_ENABLE_OBJC_ARC = YES;
				CLANG_WARN_BLOCK_CAPTURE_AUTORELEASING = YES;
				CLANG_WARN_BOOL_CONVERSION = YES;
				CLANG_WARN_COMMA = YES;
				CLANG_WARN_CONSTANT_CONVERSION = YES;
				CLANG_WARN_DIRECT_OBJC_ISA_USAGE = YES_ERROR;
				CLANG_WARN_DOCUMENTATION_COMMENTS = YES;
				CLANG_WARN_EMPTY_BODY = YES;
				CLANG_WARN_ENUM_CONVERSION = YES;
				CLANG_WARN_INFINITE_RECURSION = YES;
				CLANG_WARN_INT_CONVERSION = YES;
				CLANG_WARN_NON_LITERAL_NULL_CONVERSION = YES;
				CLANG_WARN_OBJC_LITERAL_CONVERSION = YES;
				CLANG_WARN_OBJC_ROOT_CLASS = YES_ERROR;
				CLANG_WARN_RANGE_LOOP_ANALYSIS = YES;
				CLANG_WARN_STRICT_PROTOTYPES = YES;
				CLANG_WARN_SUSPICIOUS_MOVE = YES;
				CLANG_WARN_UNGUARDED_AVAILABILITY = YES_AGGRESSIVE;
				CLANG_WARN_UNREACHABLE_CODE = YES;
				CLANG_WARN__DUPLICATE_METHOD_MATCH = YES;
				CODE_SIGN_IDENTITY = "iPhone Developer";
				COPY_PHASE_STRIP = NO;
				DEBUG_INFORMATION_FORMAT = dwarf;
				ENABLE_STRICT_OBJC_MSGSEND = YES;
				ENABLE_TESTABILITY = YES;
				GCC_C_LANGUAGE_STANDARD = gnu11;
				GCC_DYNAMIC_NO_PIC = NO;
				GCC_NO_COMMON_BLOCKS = YES;
				GCC_OPTIMIZATION_LEVEL = 0;
				GCC_PREPROCESSOR_DEFINITIONS = (
					"DEBUG=1",
					"$(inherited)",
				);
				GCC_WARN_64_TO_32_BIT_CONVERSION = YES;
				GCC_WARN_ABOUT_RETURN_TYPE = YES_ERROR;
				GCC_WARN_UNDECLARED_SELECTOR = YES;
				GCC_WARN_UNINITIALIZED_AUTOS = YES_AGGRESSIVE;
				GCC_WARN_UNUSED_FUNCTION = YES;
				GCC_WARN_UNUSED_VARIABLE = YES;
				IPHONEOS_DEPLOYMENT_TARGET = 11.0;
				MTL_ENABLE_DEBUG_INFO = YES;
				ONLY_ACTIVE_ARCH = YES;
				SDKROOT = iphoneos;
				SWIFT_ACTIVE_COMPILATION_CONDITIONS = DEBUG;
				SWIFT_OPTIMIZATION_LEVEL = "-Onone";
			};
			name = Debug;
		};
		CC4863BD1F81444B0030D771 /* Release */ = {
			isa = XCBuildConfiguration;
			buildSettings = {
				ALWAYS_SEARCH_USER_PATHS = NO;
				CLANG_ANALYZER_NONNULL = YES;
				CLANG_ANALYZER_NUMBER_OBJECT_CONVERSION = YES_AGGRESSIVE;
				CLANG_CXX_LANGUAGE_STANDARD = "gnu++14";
				CLANG_CXX_LIBRARY = "libc++";
				CLANG_ENABLE_MODULES = YES;
				CLANG_ENABLE_OBJC_ARC = YES;
				CLANG_WARN_BLOCK_CAPTURE_AUTORELEASING = YES;
				CLANG_WARN_BOOL_CONVERSION = YES;
				CLANG_WARN_COMMA = YES;
				CLANG_WARN_CONSTANT_CONVERSION = YES;
				CLANG_WARN_DIRECT_OBJC_ISA_USAGE = YES_ERROR;
				CLANG_WARN_DOCUMENTATION_COMMENTS = YES;
				CLANG_WARN_EMPTY_BODY = YES;
				CLANG_WARN_ENUM_CONVERSION = YES;
				CLANG_WARN_INFINITE_RECURSION = YES;
				CLANG_WARN_INT_CONVERSION = YES;
				CLANG_WARN_NON_LITERAL_NULL_CONVERSION = YES;
				CLANG_WARN_OBJC_LITERAL_CONVERSION = YES;
				CLANG_WARN_OBJC_ROOT_CLASS = YES_ERROR;
				CLANG_WARN_RANGE_LOOP_ANALYSIS = YES;
				CLANG_WARN_STRICT_PROTOTYPES = YES;
				CLANG_WARN_SUSPICIOUS_MOVE = YES;
				CLANG_WARN_UNGUARDED_AVAILABILITY = YES_AGGRESSIVE;
				CLANG_WARN_UNREACHABLE_CODE = YES;
				CLANG_WARN__DUPLICATE_METHOD_MATCH = YES;
				CODE_SIGN_IDENTITY = "iPhone Developer";
				COPY_PHASE_STRIP = NO;
				DEBUG_INFORMATION_FORMAT = "dwarf-with-dsym";
				ENABLE_NS_ASSERTIONS = NO;
				ENABLE_STRICT_OBJC_MSGSEND = YES;
				GCC_C_LANGUAGE_STANDARD = gnu11;
				GCC_NO_COMMON_BLOCKS = YES;
				GCC_WARN_64_TO_32_BIT_CONVERSION = YES;
				GCC_WARN_ABOUT_RETURN_TYPE = YES_ERROR;
				GCC_WARN_UNDECLARED_SELECTOR = YES;
				GCC_WARN_UNINITIALIZED_AUTOS = YES_AGGRESSIVE;
				GCC_WARN_UNUSED_FUNCTION = YES;
				GCC_WARN_UNUSED_VARIABLE = YES;
				IPHONEOS_DEPLOYMENT_TARGET = 11.0;
				MTL_ENABLE_DEBUG_INFO = NO;
				SDKROOT = iphoneos;
				SWIFT_OPTIMIZATION_LEVEL = "-Owholemodule";
				VALIDATE_PRODUCT = YES;
			};
			name = Release;
		};
		CC4863BF1F81444B0030D771 /* Debug */ = {
			isa = XCBuildConfiguration;
			buildSettings = {
				ASSETCATALOG_COMPILER_APPICON_NAME = AppIcon;
				CODE_SIGN_STYLE = Automatic;
				DEVELOPMENT_TEAM = J84N385BN9;
				INFOPLIST_FILE = FoodPickers/Info.plist;
				LD_RUNPATH_SEARCH_PATHS = "$(inherited) @executable_path/Frameworks";
				PRODUCT_BUNDLE_IDENTIFIER = ru.swiftworld.FoodPickers;
				PRODUCT_NAME = "$(TARGET_NAME)";
				SWIFT_VERSION = 4.0;
				TARGETED_DEVICE_FAMILY = "1,2";
			};
			name = Debug;
		};
		CC4863C01F81444B0030D771 /* Release */ = {
			isa = XCBuildConfiguration;
			buildSettings = {
				ASSETCATALOG_COMPILER_APPICON_NAME = AppIcon;
				CODE_SIGN_STYLE = Automatic;
				DEVELOPMENT_TEAM = J84N385BN9;
				INFOPLIST_FILE = FoodPickers/Info.plist;
				LD_RUNPATH_SEARCH_PATHS = "$(inherited) @executable_path/Frameworks";
				PRODUCT_BUNDLE_IDENTIFIER = ru.swiftworld.FoodPickers;
				PRODUCT_NAME = "$(TARGET_NAME)";
				SWIFT_VERSION = 4.0;
				TARGETED_DEVICE_FAMILY = "1,2";
			};
			name = Release;
		};
/* End XCBuildConfiguration section */

/* Begin XCConfigurationList section */
		CC4863A51F81444B0030D771 /* Build configuration list for PBXProject "FoodPickers" */ = {
			isa = XCConfigurationList;
			buildConfigurations = (
				CC4863BC1F81444B0030D771 /* Debug */,
				CC4863BD1F81444B0030D771 /* Release */,
			);
			defaultConfigurationIsVisible = 0;
			defaultConfigurationName = Release;
		};
		CC4863BE1F81444B0030D771 /* Build configuration list for PBXNativeTarget "FoodPickers" */ = {
			isa = XCConfigurationList;
			buildConfigurations = (
				CC4863BF1F81444B0030D771 /* Debug */,
				CC4863C01F81444B0030D771 /* Release */,
			);
			defaultConfigurationIsVisible = 0;
			defaultConfigurationName = Release;
		};
/* End XCConfigurationList section */
	};
	rootObject = CC4863A21F81444B0030D771 /* Project object */;
}
